
Microsoft Visual Studio Solution File, Format Version 12.00
# Visual Studio Version 17
VisualStudioVersion = 17.10.35013.160
MinimumVisualStudioVersion = 10.0.40219.1
Project("{FAE04EC0-301F-11D3-BF4B-00C04F79EFBC}") = "PROGETTO-S1", "PROGETTO-S1.csproj", "{37A4D16E-535A-47E9-B585-FC7813126A6B}"
EndProject
Global
	GlobalSection(SolutionConfigurationPlatforms) = preSolution
		Debug|Any CPU = Debug|Any CPU
		Release|Any CPU = Release|Any CPU
	EndGlobalSection
	GlobalSection(ProjectConfigurationPlatforms) = postSolution
		{37A4D16E-535A-47E9-B585-FC7813126A6B}.Debug|Any CPU.ActiveCfg = Debug|Any CPU
		{37A4D16E-535A-47E9-B585-FC7813126A6B}.Debug|Any CPU.Build.0 = Debug|Any CPU
		{37A4D16E-535A-47E9-B585-FC7813126A6B}.Release|Any CPU.ActiveCfg = Release|Any CPU
		{37A4D16E-535A-47E9-B585-FC7813126A6B}.Release|Any CPU.Build.0 = Release|Any CPU
	EndGlobalSection
	GlobalSection(SolutionProperties) = preSolution
		HideSolutionNode = FALSE
	EndGlobalSection
	GlobalSection(ExtensibilityGlobals) = postSolution
		SolutionGuid = {5D568BB9-A938-4291-945F-0560680B8E5D}
	EndGlobalSection
EndGlobal
